
Microsoft Visual Studio Solution File, Format Version 12.00
# Visual Studio Version 17
VisualStudioVersion = 17.2.32519.379
MinimumVisualStudioVersion = 10.0.40219.1
Project("{FAE04EC0-301F-11D3-BF4B-00C04F79EFBC}") = "Lab 1", "VM\Lab 1.csproj", "{FE23BDAA-3B3D-4B36-B4ED-25F5F5E0D1A5}"
EndProject
Global
	GlobalSection(SolutionConfigurationPlatforms) = preSolution
		Debug|Any CPU = Debug|Any CPU
		Release|Any CPU = Release|Any CPU
	EndGlobalSection
	GlobalSection(ProjectConfigurationPlatforms) = postSolution
		{FE23BDAA-3B3D-4B36-B4ED-25F5F5E0D1A5}.Debug|Any CPU.ActiveCfg = Debug|Any CPU
		{FE23BDAA-3B3D-4B36-B4ED-25F5F5E0D1A5}.Debug|Any CPU.Build.0 = Debug|Any CPU
		{FE23BDAA-3B3D-4B36-B4ED-25F5F5E0D1A5}.Release|Any CPU.ActiveCfg = Release|Any CPU
		{FE23BDAA-3B3D-4B36-B4ED-25F5F5E0D1A5}.Release|Any CPU.Build.0 = Release|Any CPU
	EndGlobalSection
	GlobalSection(SolutionProperties) = preSolution
		HideSolutionNode = FALSE
	EndGlobalSection
	GlobalSection(ExtensibilityGlobals) = postSolution
		SolutionGuid = {B8B87AE3-4467-418E-8557-7577D3BBB281}
	EndGlobalSection
EndGlobal
